
Microsoft Visual Studio Solution File, Format Version 12.00
# Visual Studio Version 18
VisualStudioVersion = 18.3.11222.16
MinimumVisualStudioVersion = 10.0.40219.1
Project("{FAE04EC0-301F-11D3-BF4B-00C04F79EFBC}") = "RocketWelder.SDK", "RocketWelder.SDK\RocketWelder.SDK.csproj", "{C8D314EB-B1FC-4539-B65E-FB1A14CAE22C}"
EndProject
Project("{2150E333-8FDC-42A3-9474-1A3956D46DE8}") = "examples", "examples", "{7CF0E3FA-F73A-4B08-BED8-E958401112C1}"
EndProject
Project("{FAE04EC0-301F-11D3-BF4B-00C04F79EFBC}") = "SimpleClient", "examples\SimpleClient\SimpleClient.csproj", "{4BEFE04D-2685-469E-9655-3FCA49CA7B5F}"
EndProject
Project("{FAE04EC0-301F-11D3-BF4B-00C04F79EFBC}") = "RocketWelder.SDK.Tests", "RocketWelder.SDK.Tests\RocketWelder.SDK.Tests.csproj", "{E9CED72A-A781-4B43-9FAF-84DDF4B2B1E6}"
EndProject
Project("{2150E333-8FDC-42A3-9474-1A3956D46DE8}") = "Solution Items", "Solution Items", "{8EC462FD-D22E-90A8-E5CE-7E832BA40C5D}"
	ProjectSection(SolutionItems) = preProject
		..\KEYPOINTS_PROTOCOL.md = ..\KEYPOINTS_PROTOCOL.md
		..\README.md = ..\README.md
		ZEROBUFFER_EXCEPTIONS.md = ZEROBUFFER_EXCEPTIONS.md
	EndProjectSection
EndProject
Project("{FAE04EC0-301F-11D3-BF4B-00C04F79EFBC}") = "RocketWelder.SDK.Protocols", "RocketWelder.SDK.Protocols\RocketWelder.SDK.Protocols.csproj", "{54E1A6C8-FF17-4173-B911-BA9DC5A3B9AA}"
EndProject
Project("{FAE04EC0-301F-11D3-BF4B-00C04F79EFBC}") = "RocketWelder.SDK.Blazor", "RocketWelder.SDK.Blazor\RocketWelder.SDK.Blazor.csproj", "{A2435BB8-0256-4CAE-AE72-5C677DD2BB74}"
EndProject
Project("{2150E333-8FDC-42A3-9474-1A3956D46DE8}") = "samples", "samples", "{5D20AA90-6969-D8BD-9DCD-8634F4692FDA}"
EndProject
Project("{FAE04EC0-301F-11D3-BF4B-00C04F79EFBC}") = "RocketWelder.SDK.Blazor.Sample.Client", "samples\RocketWelder.SDK.Blazor.Sample.Client\RocketWelder.SDK.Blazor.Sample.Client.csproj", "{430C2847-2B79-4089-A50E-13DFB6806E2E}"
EndProject
Project("{FAE04EC0-301F-11D3-BF4B-00C04F79EFBC}") = "RocketWelder.SDK.Blazor.Sample.App", "samples\RocketWelder.SDK.Blazor.Sample.App\RocketWelder.SDK.Blazor.Sample.App.csproj", "{23F2719F-4A2D-42E9-9E65-A06764B8A6DE}"
EndProject
Project("{FAE04EC0-301F-11D3-BF4B-00C04F79EFBC}") = "RocketWelder.SDK.Server", "RocketWelder.SDK.Server\RocketWelder.SDK.Server.csproj", "{BCF9FE6B-3181-48F8-9107-CFC37297F3D9}"
EndProject
Project("{FAE04EC0-301F-11D3-BF4B-00C04F79EFBC}") = "RocketWelder.SDK.Server.Tests", "RocketWelder.SDK.Server.Tests\RocketWelder.SDK.Server.Tests.csproj", "{24850015-5A73-4989-9B85-FB8F7FA486C0}"
EndProject
Project("{FAE04EC0-301F-11D3-BF4B-00C04F79EFBC}") = "RocketWelder.SDK.Types", "RocketWelder.SDK.Types\RocketWelder.SDK.Types.csproj", "{4D0B3BF6-CEA9-4AC6-8976-F8AB9231175A}"
EndProject
Project("{FAE04EC0-301F-11D3-BF4B-00C04F79EFBC}") = "RocketWelder.SDK.Types.Tests", "RocketWelder.SDK.Types.Tests\RocketWelder.SDK.Types.Tests.csproj", "{699A4713-57FD-43EB-8963-4DE8BFF21131}"
EndProject
Project("{FAE04EC0-301F-11D3-BF4B-00C04F79EFBC}") = "RocketWelder.SDK.Automation", "RocketWelder.SDK.Automation\RocketWelder.SDK.Automation.csproj", "{9EBDFC5D-DD1D-4D5E-8D59-082D99DA59B2}"
EndProject
Project("{FAE04EC0-301F-11D3-BF4B-00C04F79EFBC}") = "RocketWelder.SDK.Automation.Tests", "RocketWelder.SDK.Automation.Tests\RocketWelder.SDK.Automation.Tests.csproj", "{09679B63-9EED-4B76-840F-569195C84151}"
EndProject
Project("{FAE04EC0-301F-11D3-BF4B-00C04F79EFBC}") = "RocketWelder.SDK.Robotics.Core", "RocketWelder.SDK.Robotics.Core\RocketWelder.SDK.Robotics.Core.csproj", "{6C6A2B8E-90E6-46FC-A237-0AAD50E8FEE2}"
EndProject
Project("{FAE04EC0-301F-11D3-BF4B-00C04F79EFBC}") = "RocketWelder.SDK.Robotics.Core.Tests", "RocketWelder.SDK.Robotics.Core.Tests\RocketWelder.SDK.Robotics.Core.Tests.csproj", "{3753E954-5C68-4AE9-B3FA-24D7374147DB}"
EndProject
Project("{FAE04EC0-301F-11D3-BF4B-00C04F79EFBC}") = "RocketWelder.SDK.Http", "RocketWelder.SDK.Http\RocketWelder.SDK.Http.csproj", "{0CE66E9A-D7B0-459E-AF62-DBC89AEEB732}"
EndProject
Project("{FAE04EC0-301F-11D3-BF4B-00C04F79EFBC}") = "RocketWelder.SDK.Automation.WeldProgramCli", "RocketWelder.SDK.Automation.WeldProgramCli\RocketWelder.SDK.Automation.WeldProgramCli.csproj", "{58C412F3-6B7D-4044-878B-5AE2E9FFCBE4}"
EndProject
Project("{FAE04EC0-301F-11D3-BF4B-00C04F79EFBC}") = "RocketWelder.SDK.Abstractions", "RocketWelder.SDK.Abstractions\RocketWelder.SDK.Abstractions.csproj", "{2A1F7525-0309-4339-9DC8-E6770D2E9C49}"
EndProject
Project("{FAE04EC0-301F-11D3-BF4B-00C04F79EFBC}") = "RocketWelder.SDK.Operations", "RocketWelder.SDK.Operations\RocketWelder.SDK.Operations.csproj", "{A2A53E40-976B-4ADD-B81F-F3F0B57F9E59}"
EndProject
Project("{FAE04EC0-301F-11D3-BF4B-00C04F79EFBC}") = "RocketWelder.SDK.Vision", "RocketWelder.SDK.Vision\RocketWelder.SDK.Vision.csproj", "{B8FBC2EF-58F8-49EF-AD9A-0DB9328E69AE}"
EndProject
Global
	GlobalSection(SolutionConfigurationPlatforms) = preSolution
		Debug|Any CPU = Debug|Any CPU
		Debug|x64 = Debug|x64
		Debug|x86 = Debug|x86
		Release|Any CPU = Release|Any CPU
		Release|x64 = Release|x64
		Release|x86 = Release|x86
	EndGlobalSection
	GlobalSection(ProjectConfigurationPlatforms) = postSolution
		{C8D314EB-B1FC-4539-B65E-FB1A14CAE22C}.Debug|Any CPU.ActiveCfg = Debug|Any CPU
		{C8D314EB-B1FC-4539-B65E-FB1A14CAE22C}.Debug|Any CPU.Build.0 = Debug|Any CPU
		{C8D314EB-B1FC-4539-B65E-FB1A14CAE22C}.Debug|x64.ActiveCfg = Debug|Any CPU
		{C8D314EB-B1FC-4539-B65E-FB1A14CAE22C}.Debug|x64.Build.0 = Debug|Any CPU
		{C8D314EB-B1FC-4539-B65E-FB1A14CAE22C}.Debug|x86.ActiveCfg = Debug|Any CPU
		{C8D314EB-B1FC-4539-B65E-FB1A14CAE22C}.Debug|x86.Build.0 = Debug|Any CPU
		{C8D314EB-B1FC-4539-B65E-FB1A14CAE22C}.Release|Any CPU.ActiveCfg = Release|Any CPU
		{C8D314EB-B1FC-4539-B65E-FB1A14CAE22C}.Release|Any CPU.Build.0 = Release|Any CPU
		{C8D314EB-B1FC-4539-B65E-FB1A14CAE22C}.Release|x64.ActiveCfg = Release|Any CPU
		{C8D314EB-B1FC-4539-B65E-FB1A14CAE22C}.Release|x64.Build.0 = Release|Any CPU
		{C8D314EB-B1FC-4539-B65E-FB1A14CAE22C}.Release|x86.ActiveCfg = Release|Any CPU
		{C8D314EB-B1FC-4539-B65E-FB1A14CAE22C}.Release|x86.Build.0 = Release|Any CPU
		{4BEFE04D-2685-469E-9655-3FCA49CA7B5F}.Debug|Any CPU.ActiveCfg = Debug|Any CPU
		{4BEFE04D-2685-469E-9655-3FCA49CA7B5F}.Debug|Any CPU.Build.0 = Debug|Any CPU
		{4BEFE04D-2685-469E-9655-3FCA49CA7B5F}.Debug|x64.ActiveCfg = Debug|Any CPU
		{4BEFE04D-2685-469E-9655-3FCA49CA7B5F}.Debug|x64.Build.0 = Debug|Any CPU
		{4BEFE04D-2685-469E-9655-3FCA49CA7B5F}.Debug|x86.ActiveCfg = Debug|Any CPU
		{4BEFE04D-2685-469E-9655-3FCA49CA7B5F}.Debug|x86.Build.0 = Debug|Any CPU
		{4BEFE04D-2685-469E-9655-3FCA49CA7B5F}.Release|Any CPU.ActiveCfg = Release|Any CPU
		{4BEFE04D-2685-469E-9655-3FCA49CA7B5F}.Release|Any CPU.Build.0 = Release|Any CPU
		{4BEFE04D-2685-469E-9655-3FCA49CA7B5F}.Release|x64.ActiveCfg = Release|Any CPU
		{4BEFE04D-2685-469E-9655-3FCA49CA7B5F}.Release|x64.Build.0 = Release|Any CPU
		{4BEFE04D-2685-469E-9655-3FCA49CA7B5F}.Release|x86.ActiveCfg = Release|Any CPU
		{4BEFE04D-2685-469E-9655-3FCA49CA7B5F}.Release|x86.Build.0 = Release|Any CPU
		{E9CED72A-A781-4B43-9FAF-84DDF4B2B1E6}.Debug|Any CPU.ActiveCfg = Debug|Any CPU
		{E9CED72A-A781-4B43-9FAF-84DDF4B2B1E6}.Debug|Any CPU.Build.0 = Debug|Any CPU
		{E9CED72A-A781-4B43-9FAF-84DDF4B2B1E6}.Debug|x64.ActiveCfg = Debug|Any CPU
		{E9CED72A-A781-4B43-9FAF-84DDF4B2B1E6}.Debug|x64.Build.0 = Debug|Any CPU
		{E9CED72A-A781-4B43-9FAF-84DDF4B2B1E6}.Debug|x86.ActiveCfg = Debug|Any CPU
		{E9CED72A-A781-4B43-9FAF-84DDF4B2B1E6}.Debug|x86.Build.0 = Debug|Any CPU
		{E9CED72A-A781-4B43-9FAF-84DDF4B2B1E6}.Release|Any CPU.ActiveCfg = Release|Any CPU
		{E9CED72A-A781-4B43-9FAF-84DDF4B2B1E6}.Release|Any CPU.Build.0 = Release|Any CPU
		{E9CED72A-A781-4B43-9FAF-84DDF4B2B1E6}.Release|x64.ActiveCfg = Release|Any CPU
		{E9CED72A-A781-4B43-9FAF-84DDF4B2B1E6}.Release|x64.Build.0 = Release|Any CPU
		{E9CED72A-A781-4B43-9FAF-84DDF4B2B1E6}.Release|x86.ActiveCfg = Release|Any CPU
		{E9CED72A-A781-4B43-9FAF-84DDF4B2B1E6}.Release|x86.Build.0 = Release|Any CPU
		{54E1A6C8-FF17-4173-B911-BA9DC5A3B9AA}.Debug|Any CPU.ActiveCfg = Debug|Any CPU
		{54E1A6C8-FF17-4173-B911-BA9DC5A3B9AA}.Debug|Any CPU.Build.0 = Debug|Any CPU
		{54E1A6C8-FF17-4173-B911-BA9DC5A3B9AA}.Debug|x64.ActiveCfg = Debug|Any CPU
		{54E1A6C8-FF17-4173-B911-BA9DC5A3B9AA}.Debug|x64.Build.0 = Debug|Any CPU
		{54E1A6C8-FF17-4173-B911-BA9DC5A3B9AA}.Debug|x86.ActiveCfg = Debug|Any CPU
		{54E1A6C8-FF17-4173-B911-BA9DC5A3B9AA}.Debug|x86.Build.0 = Debug|Any CPU
		{54E1A6C8-FF17-4173-B911-BA9DC5A3B9AA}.Release|Any CPU.ActiveCfg = Release|Any CPU
		{54E1A6C8-FF17-4173-B911-BA9DC5A3B9AA}.Release|Any CPU.Build.0 = Release|Any CPU
		{54E1A6C8-FF17-4173-B911-BA9DC5A3B9AA}.Release|x64.ActiveCfg = Release|Any CPU
		{54E1A6C8-FF17-4173-B911-BA9DC5A3B9AA}.Release|x64.Build.0 = Release|Any CPU
		{54E1A6C8-FF17-4173-B911-BA9DC5A3B9AA}.Release|x86.ActiveCfg = Release|Any CPU
		{54E1A6C8-FF17-4173-B911-BA9DC5A3B9AA}.Release|x86.Build.0 = Release|Any CPU
		{A2435BB8-0256-4CAE-AE72-5C677DD2BB74}.Debug|Any CPU.ActiveCfg = Debug|Any CPU
		{A2435BB8-0256-4CAE-AE72-5C677DD2BB74}.Debug|Any CPU.Build.0 = Debug|Any CPU
		{A2435BB8-0256-4CAE-AE72-5C677DD2BB74}.Debug|x64.ActiveCfg = Debug|Any CPU
		{A2435BB8-0256-4CAE-AE72-5C677DD2BB74}.Debug|x64.Build.0 = Debug|Any CPU
		{A2435BB8-0256-4CAE-AE72-5C677DD2BB74}.Debug|x86.ActiveCfg = Debug|Any CPU
		{A2435BB8-0256-4CAE-AE72-5C677DD2BB74}.Debug|x86.Build.0 = Debug|Any CPU
		{A2435BB8-0256-4CAE-AE72-5C677DD2BB74}.Release|Any CPU.ActiveCfg = Release|Any CPU
		{A2435BB8-0256-4CAE-AE72-5C677DD2BB74}.Release|Any CPU.Build.0 = Release|Any CPU
		{A2435BB8-0256-4CAE-AE72-5C677DD2BB74}.Release|x64.ActiveCfg = Release|Any CPU
		{A2435BB8-0256-4CAE-AE72-5C677DD2BB74}.Release|x64.Build.0 = Release|Any CPU
		{A2435BB8-0256-4CAE-AE72-5C677DD2BB74}.Release|x86.ActiveCfg = Release|Any CPU
		{A2435BB8-0256-4CAE-AE72-5C677DD2BB74}.Release|x86.Build.0 = Release|Any CPU
		{430C2847-2B79-4089-A50E-13DFB6806E2E}.Debug|Any CPU.ActiveCfg = Debug|Any CPU
		{430C2847-2B79-4089-A50E-13DFB6806E2E}.Debug|Any CPU.Build.0 = Debug|Any CPU
		{430C2847-2B79-4089-A50E-13DFB6806E2E}.Debug|x64.ActiveCfg = Debug|Any CPU
		{430C2847-2B79-4089-A50E-13DFB6806E2E}.Debug|x64.Build.0 = Debug|Any CPU
		{430C2847-2B79-4089-A50E-13DFB6806E2E}.Debug|x86.ActiveCfg = Debug|Any CPU
		{430C2847-2B79-4089-A50E-13DFB6806E2E}.Debug|x86.Build.0 = Debug|Any CPU
		{430C2847-2B79-4089-A50E-13DFB6806E2E}.Release|Any CPU.ActiveCfg = Release|Any CPU
		{430C2847-2B79-4089-A50E-13DFB6806E2E}.Release|Any CPU.Build.0 = Release|Any CPU
		{430C2847-2B79-4089-A50E-13DFB6806E2E}.Release|x64.ActiveCfg = Release|Any CPU
		{430C2847-2B79-4089-A50E-13DFB6806E2E}.Release|x64.Build.0 = Release|Any CPU
		{430C2847-2B79-4089-A50E-13DFB6806E2E}.Release|x86.ActiveCfg = Release|Any CPU
		{430C2847-2B79-4089-A50E-13DFB6806E2E}.Release|x86.Build.0 = Release|Any CPU
		{23F2719F-4A2D-42E9-9E65-A06764B8A6DE}.Debug|Any CPU.ActiveCfg = Debug|Any CPU
		{23F2719F-4A2D-42E9-9E65-A06764B8A6DE}.Debug|Any CPU.Build.0 = Debug|Any CPU
		{23F2719F-4A2D-42E9-9E65-A06764B8A6DE}.Debug|x64.ActiveCfg = Debug|Any CPU
		{23F2719F-4A2D-42E9-9E65-A06764B8A6DE}.Debug|x64.Build.0 = Debug|Any CPU
		{23F2719F-4A2D-42E9-9E65-A06764B8A6DE}.Debug|x86.ActiveCfg = Debug|Any CPU
		{23F2719F-4A2D-42E9-9E65-A06764B8A6DE}.Debug|x86.Build.0 = Debug|Any CPU
		{23F2719F-4A2D-42E9-9E65-A06764B8A6DE}.Release|Any CPU.ActiveCfg = Release|Any CPU
		{23F2719F-4A2D-42E9-9E65-A06764B8A6DE}.Release|Any CPU.Build.0 = Release|Any CPU
		{23F2719F-4A2D-42E9-9E65-A06764B8A6DE}.Release|x64.ActiveCfg = Release|Any CPU
		{23F2719F-4A2D-42E9-9E65-A06764B8A6DE}.Release|x64.Build.0 = Release|Any CPU
		{23F2719F-4A2D-42E9-9E65-A06764B8A6DE}.Release|x86.ActiveCfg = Release|Any CPU
		{23F2719F-4A2D-42E9-9E65-A06764B8A6DE}.Release|x86.Build.0 = Release|Any CPU
		{BCF9FE6B-3181-48F8-9107-CFC37297F3D9}.Debug|Any CPU.ActiveCfg = Debug|Any CPU
		{BCF9FE6B-3181-48F8-9107-CFC37297F3D9}.Debug|Any CPU.Build.0 = Debug|Any CPU
		{BCF9FE6B-3181-48F8-9107-CFC37297F3D9}.Debug|x64.ActiveCfg = Debug|Any CPU
		{BCF9FE6B-3181-48F8-9107-CFC37297F3D9}.Debug|x64.Build.0 = Debug|Any CPU
		{BCF9FE6B-3181-48F8-9107-CFC37297F3D9}.Debug|x86.ActiveCfg = Debug|Any CPU
		{BCF9FE6B-3181-48F8-9107-CFC37297F3D9}.Debug|x86.Build.0 = Debug|Any CPU
		{BCF9FE6B-3181-48F8-9107-CFC37297F3D9}.Release|Any CPU.ActiveCfg = Release|Any CPU
		{BCF9FE6B-3181-48F8-9107-CFC37297F3D9}.Release|Any CPU.Build.0 = Release|Any CPU
		{BCF9FE6B-3181-48F8-9107-CFC37297F3D9}.Release|x64.ActiveCfg = Release|Any CPU
		{BCF9FE6B-3181-48F8-9107-CFC37297F3D9}.Release|x64.Build.0 = Release|Any CPU
		{BCF9FE6B-3181-48F8-9107-CFC37297F3D9}.Release|x86.ActiveCfg = Release|Any CPU
		{BCF9FE6B-3181-48F8-9107-CFC37297F3D9}.Release|x86.Build.0 = Release|Any CPU
		{24850015-5A73-4989-9B85-FB8F7FA486C0}.Debug|Any CPU.ActiveCfg = Debug|Any CPU
		{24850015-5A73-4989-9B85-FB8F7FA486C0}.Debug|Any CPU.Build.0 = Debug|Any CPU
		{24850015-5A73-4989-9B85-FB8F7FA486C0}.Debug|x64.ActiveCfg = Debug|Any CPU
		{24850015-5A73-4989-9B85-FB8F7FA486C0}.Debug|x64.Build.0 = Debug|Any CPU
		{24850015-5A73-4989-9B85-FB8F7FA486C0}.Debug|x86.ActiveCfg = Debug|Any CPU
		{24850015-5A73-4989-9B85-FB8F7FA486C0}.Debug|x86.Build.0 = Debug|Any CPU
		{24850015-5A73-4989-9B85-FB8F7FA486C0}.Release|Any CPU.ActiveCfg = Release|Any CPU
		{24850015-5A73-4989-9B85-FB8F7FA486C0}.Release|Any CPU.Build.0 = Release|Any CPU
		{24850015-5A73-4989-9B85-FB8F7FA486C0}.Release|x64.ActiveCfg = Release|Any CPU
		{24850015-5A73-4989-9B85-FB8F7FA486C0}.Release|x64.Build.0 = Release|Any CPU
		{24850015-5A73-4989-9B85-FB8F7FA486C0}.Release|x86.ActiveCfg = Release|Any CPU
		{24850015-5A73-4989-9B85-FB8F7FA486C0}.Release|x86.Build.0 = Release|Any CPU
		{4D0B3BF6-CEA9-4AC6-8976-F8AB9231175A}.Debug|Any CPU.ActiveCfg = Debug|Any CPU
		{4D0B3BF6-CEA9-4AC6-8976-F8AB9231175A}.Debug|Any CPU.Build.0 = Debug|Any CPU
		{4D0B3BF6-CEA9-4AC6-8976-F8AB9231175A}.Debug|x64.ActiveCfg = Debug|Any CPU
		{4D0B3BF6-CEA9-4AC6-8976-F8AB9231175A}.Debug|x64.Build.0 = Debug|Any CPU
		{4D0B3BF6-CEA9-4AC6-8976-F8AB9231175A}.Debug|x86.ActiveCfg = Debug|Any CPU
		{4D0B3BF6-CEA9-4AC6-8976-F8AB9231175A}.Debug|x86.Build.0 = Debug|Any CPU
		{4D0B3BF6-CEA9-4AC6-8976-F8AB9231175A}.Release|Any CPU.ActiveCfg = Release|Any CPU
		{4D0B3BF6-CEA9-4AC6-8976-F8AB9231175A}.Release|Any CPU.Build.0 = Release|Any CPU
		{4D0B3BF6-CEA9-4AC6-8976-F8AB9231175A}.Release|x64.ActiveCfg = Release|Any CPU
		{4D0B3BF6-CEA9-4AC6-8976-F8AB9231175A}.Release|x64.Build.0 = Release|Any CPU
		{4D0B3BF6-CEA9-4AC6-8976-F8AB9231175A}.Release|x86.ActiveCfg = Release|Any CPU
		{4D0B3BF6-CEA9-4AC6-8976-F8AB9231175A}.Release|x86.Build.0 = Release|Any CPU
		{699A4713-57FD-43EB-8963-4DE8BFF21131}.Debug|Any CPU.ActiveCfg = Debug|Any CPU
		{699A4713-57FD-43EB-8963-4DE8BFF21131}.Debug|Any CPU.Build.0 = Debug|Any CPU
		{699A4713-57FD-43EB-8963-4DE8BFF21131}.Debug|x64.ActiveCfg = Debug|Any CPU
		{699A4713-57FD-43EB-8963-4DE8BFF21131}.Debug|x64.Build.0 = Debug|Any CPU
		{699A4713-57FD-43EB-8963-4DE8BFF21131}.Debug|x86.ActiveCfg = Debug|Any CPU
		{699A4713-57FD-43EB-8963-4DE8BFF21131}.Debug|x86.Build.0 = Debug|Any CPU
		{699A4713-57FD-43EB-8963-4DE8BFF21131}.Release|Any CPU.ActiveCfg = Release|Any CPU
		{699A4713-57FD-43EB-8963-4DE8BFF21131}.Release|Any CPU.Build.0 = Release|Any CPU
		{699A4713-57FD-43EB-8963-4DE8BFF21131}.Release|x64.ActiveCfg = Release|Any CPU
		{699A4713-57FD-43EB-8963-4DE8BFF21131}.Release|x64.Build.0 = Release|Any CPU
		{699A4713-57FD-43EB-8963-4DE8BFF21131}.Release|x86.ActiveCfg = Release|Any CPU
		{699A4713-57FD-43EB-8963-4DE8BFF21131}.Release|x86.Build.0 = Release|Any CPU
		{9EBDFC5D-DD1D-4D5E-8D59-082D99DA59B2}.Debug|Any CPU.ActiveCfg = Debug|Any CPU
		{9EBDFC5D-DD1D-4D5E-8D59-082D99DA59B2}.Debug|Any CPU.Build.0 = Debug|Any CPU
		{9EBDFC5D-DD1D-4D5E-8D59-082D99DA59B2}.Debug|x64.ActiveCfg = Debug|Any CPU
		{9EBDFC5D-DD1D-4D5E-8D59-082D99DA59B2}.Debug|x64.Build.0 = Debug|Any CPU
		{9EBDFC5D-DD1D-4D5E-8D59-082D99DA59B2}.Debug|x86.ActiveCfg = Debug|Any CPU
		{9EBDFC5D-DD1D-4D5E-8D59-082D99DA59B2}.Debug|x86.Build.0 = Debug|Any CPU
		{9EBDFC5D-DD1D-4D5E-8D59-082D99DA59B2}.Release|Any CPU.ActiveCfg = Release|Any CPU
		{9EBDFC5D-DD1D-4D5E-8D59-082D99DA59B2}.Release|Any CPU.Build.0 = Release|Any CPU
		{9EBDFC5D-DD1D-4D5E-8D59-082D99DA59B2}.Release|x64.ActiveCfg = Release|Any CPU
		{9EBDFC5D-DD1D-4D5E-8D59-082D99DA59B2}.Release|x64.Build.0 = Release|Any CPU
		{9EBDFC5D-DD1D-4D5E-8D59-082D99DA59B2}.Release|x86.ActiveCfg = Release|Any CPU
		{9EBDFC5D-DD1D-4D5E-8D59-082D99DA59B2}.Release|x86.Build.0 = Release|Any CPU
		{09679B63-9EED-4B76-840F-569195C84151}.Debug|Any CPU.ActiveCfg = Debug|Any CPU
		{09679B63-9EED-4B76-840F-569195C84151}.Debug|Any CPU.Build.0 = Debug|Any CPU
		{09679B63-9EED-4B76-840F-569195C84151}.Debug|x64.ActiveCfg = Debug|Any CPU
		{09679B63-9EED-4B76-840F-569195C84151}.Debug|x64.Build.0 = Debug|Any CPU
		{09679B63-9EED-4B76-840F-569195C84151}.Debug|x86.ActiveCfg = Debug|Any CPU
		{09679B63-9EED-4B76-840F-569195C84151}.Debug|x86.Build.0 = Debug|Any CPU
		{09679B63-9EED-4B76-840F-569195C84151}.Release|Any CPU.ActiveCfg = Release|Any CPU
		{09679B63-9EED-4B76-840F-569195C84151}.Release|Any CPU.Build.0 = Release|Any CPU
		{09679B63-9EED-4B76-840F-569195C84151}.Release|x64.ActiveCfg = Release|Any CPU
		{09679B63-9EED-4B76-840F-569195C84151}.Release|x64.Build.0 = Release|Any CPU
		{09679B63-9EED-4B76-840F-569195C84151}.Release|x86.ActiveCfg = Release|Any CPU
		{09679B63-9EED-4B76-840F-569195C84151}.Release|x86.Build.0 = Release|Any CPU
		{6C6A2B8E-90E6-46FC-A237-0AAD50E8FEE2}.Debug|Any CPU.ActiveCfg = Debug|Any CPU
		{6C6A2B8E-90E6-46FC-A237-0AAD50E8FEE2}.Debug|Any CPU.Build.0 = Debug|Any CPU
		{6C6A2B8E-90E6-46FC-A237-0AAD50E8FEE2}.Debug|x64.ActiveCfg = Debug|Any CPU
		{6C6A2B8E-90E6-46FC-A237-0AAD50E8FEE2}.Debug|x64.Build.0 = Debug|Any CPU
		{6C6A2B8E-90E6-46FC-A237-0AAD50E8FEE2}.Debug|x86.ActiveCfg = Debug|Any CPU
		{6C6A2B8E-90E6-46FC-A237-0AAD50E8FEE2}.Debug|x86.Build.0 = Debug|Any CPU
		{6C6A2B8E-90E6-46FC-A237-0AAD50E8FEE2}.Release|Any CPU.ActiveCfg = Release|Any CPU
		{6C6A2B8E-90E6-46FC-A237-0AAD50E8FEE2}.Release|Any CPU.Build.0 = Release|Any CPU
		{6C6A2B8E-90E6-46FC-A237-0AAD50E8FEE2}.Release|x64.ActiveCfg = Release|Any CPU
		{6C6A2B8E-90E6-46FC-A237-0AAD50E8FEE2}.Release|x64.Build.0 = Release|Any CPU
		{6C6A2B8E-90E6-46FC-A237-0AAD50E8FEE2}.Release|x86.ActiveCfg = Release|Any CPU
		{6C6A2B8E-90E6-46FC-A237-0AAD50E8FEE2}.Release|x86.Build.0 = Release|Any CPU
		{3753E954-5C68-4AE9-B3FA-24D7374147DB}.Debug|Any CPU.ActiveCfg = Debug|Any CPU
		{3753E954-5C68-4AE9-B3FA-24D7374147DB}.Debug|Any CPU.Build.0 = Debug|Any CPU
		{3753E954-5C68-4AE9-B3FA-24D7374147DB}.Debug|x64.ActiveCfg = Debug|Any CPU
		{3753E954-5C68-4AE9-B3FA-24D7374147DB}.Debug|x64.Build.0 = Debug|Any CPU
		{3753E954-5C68-4AE9-B3FA-24D7374147DB}.Debug|x86.ActiveCfg = Debug|Any CPU
		{3753E954-5C68-4AE9-B3FA-24D7374147DB}.Debug|x86.Build.0 = Debug|Any CPU
		{3753E954-5C68-4AE9-B3FA-24D7374147DB}.Release|Any CPU.ActiveCfg = Release|Any CPU
		{3753E954-5C68-4AE9-B3FA-24D7374147DB}.Release|Any CPU.Build.0 = Release|Any CPU
		{3753E954-5C68-4AE9-B3FA-24D7374147DB}.Release|x64.ActiveCfg = Release|Any CPU
		{3753E954-5C68-4AE9-B3FA-24D7374147DB}.Release|x64.Build.0 = Release|Any CPU
		{3753E954-5C68-4AE9-B3FA-24D7374147DB}.Release|x86.ActiveCfg = Release|Any CPU
		{3753E954-5C68-4AE9-B3FA-24D7374147DB}.Release|x86.Build.0 = Release|Any CPU
		{0CE66E9A-D7B0-459E-AF62-DBC89AEEB732}.Debug|Any CPU.ActiveCfg = Debug|Any CPU
		{0CE66E9A-D7B0-459E-AF62-DBC89AEEB732}.Debug|Any CPU.Build.0 = Debug|Any CPU
		{0CE66E9A-D7B0-459E-AF62-DBC89AEEB732}.Debug|x64.ActiveCfg = Debug|Any CPU
		{0CE66E9A-D7B0-459E-AF62-DBC89AEEB732}.Debug|x64.Build.0 = Debug|Any CPU
		{0CE66E9A-D7B0-459E-AF62-DBC89AEEB732}.Debug|x86.ActiveCfg = Debug|Any CPU
		{0CE66E9A-D7B0-459E-AF62-DBC89AEEB732}.Debug|x86.Build.0 = Debug|Any CPU
		{0CE66E9A-D7B0-459E-AF62-DBC89AEEB732}.Release|Any CPU.ActiveCfg = Release|Any CPU
		{0CE66E9A-D7B0-459E-AF62-DBC89AEEB732}.Release|Any CPU.Build.0 = Release|Any CPU
		{0CE66E9A-D7B0-459E-AF62-DBC89AEEB732}.Release|x64.ActiveCfg = Release|Any CPU
		{0CE66E9A-D7B0-459E-AF62-DBC89AEEB732}.Release|x64.Build.0 = Release|Any CPU
		{0CE66E9A-D7B0-459E-AF62-DBC89AEEB732}.Release|x86.ActiveCfg = Release|Any CPU
		{0CE66E9A-D7B0-459E-AF62-DBC89AEEB732}.Release|x86.Build.0 = Release|Any CPU
		{58C412F3-6B7D-4044-878B-5AE2E9FFCBE4}.Debug|Any CPU.ActiveCfg = Debug|Any CPU
		{58C412F3-6B7D-4044-878B-5AE2E9FFCBE4}.Debug|Any CPU.Build.0 = Debug|Any CPU
		{58C412F3-6B7D-4044-878B-5AE2E9FFCBE4}.Debug|x64.ActiveCfg = Debug|Any CPU
		{58C412F3-6B7D-4044-878B-5AE2E9FFCBE4}.Debug|x64.Build.0 = Debug|Any CPU
		{58C412F3-6B7D-4044-878B-5AE2E9FFCBE4}.Debug|x86.ActiveCfg = Debug|Any CPU
		{58C412F3-6B7D-4044-878B-5AE2E9FFCBE4}.Debug|x86.Build.0 = Debug|Any CPU
		{58C412F3-6B7D-4044-878B-5AE2E9FFCBE4}.Release|Any CPU.ActiveCfg = Release|Any CPU
		{58C412F3-6B7D-4044-878B-5AE2E9FFCBE4}.Release|Any CPU.Build.0 = Release|Any CPU
		{58C412F3-6B7D-4044-878B-5AE2E9FFCBE4}.Release|x64.ActiveCfg = Release|Any CPU
		{58C412F3-6B7D-4044-878B-5AE2E9FFCBE4}.Release|x64.Build.0 = Release|Any CPU
		{58C412F3-6B7D-4044-878B-5AE2E9FFCBE4}.Release|x86.ActiveCfg = Release|Any CPU
		{58C412F3-6B7D-4044-878B-5AE2E9FFCBE4}.Release|x86.Build.0 = Release|Any CPU
		{2A1F7525-0309-4339-9DC8-E6770D2E9C49}.Debug|Any CPU.ActiveCfg = Debug|Any CPU
		{2A1F7525-0309-4339-9DC8-E6770D2E9C49}.Debug|Any CPU.Build.0 = Debug|Any CPU
		{2A1F7525-0309-4339-9DC8-E6770D2E9C49}.Debug|x64.ActiveCfg = Debug|Any CPU
		{2A1F7525-0309-4339-9DC8-E6770D2E9C49}.Debug|x64.Build.0 = Debug|Any CPU
		{2A1F7525-0309-4339-9DC8-E6770D2E9C49}.Debug|x86.ActiveCfg = Debug|Any CPU
		{2A1F7525-0309-4339-9DC8-E6770D2E9C49}.Debug|x86.Build.0 = Debug|Any CPU
		{2A1F7525-0309-4339-9DC8-E6770D2E9C49}.Release|Any CPU.ActiveCfg = Release|Any CPU
		{2A1F7525-0309-4339-9DC8-E6770D2E9C49}.Release|Any CPU.Build.0 = Release|Any CPU
		{2A1F7525-0309-4339-9DC8-E6770D2E9C49}.Release|x64.ActiveCfg = Release|Any CPU
		{2A1F7525-0309-4339-9DC8-E6770D2E9C49}.Release|x64.Build.0 = Release|Any CPU
		{2A1F7525-0309-4339-9DC8-E6770D2E9C49}.Release|x86.ActiveCfg = Release|Any CPU
		{2A1F7525-0309-4339-9DC8-E6770D2E9C49}.Release|x86.Build.0 = Release|Any CPU
		{A2A53E40-976B-4ADD-B81F-F3F0B57F9E59}.Debug|Any CPU.ActiveCfg = Debug|Any CPU
		{A2A53E40-976B-4ADD-B81F-F3F0B57F9E59}.Debug|Any CPU.Build.0 = Debug|Any CPU
		{A2A53E40-976B-4ADD-B81F-F3F0B57F9E59}.Debug|x64.ActiveCfg = Debug|Any CPU
		{A2A53E40-976B-4ADD-B81F-F3F0B57F9E59}.Debug|x64.Build.0 = Debug|Any CPU
		{A2A53E40-976B-4ADD-B81F-F3F0B57F9E59}.Debug|x86.ActiveCfg = Debug|Any CPU
		{A2A53E40-976B-4ADD-B81F-F3F0B57F9E59}.Debug|x86.Build.0 = Debug|Any CPU
		{A2A53E40-976B-4ADD-B81F-F3F0B57F9E59}.Release|Any CPU.ActiveCfg = Release|Any CPU
		{A2A53E40-976B-4ADD-B81F-F3F0B57F9E59}.Release|Any CPU.Build.0 = Release|Any CPU
		{A2A53E40-976B-4ADD-B81F-F3F0B57F9E59}.Release|x64.ActiveCfg = Release|Any CPU
		{A2A53E40-976B-4ADD-B81F-F3F0B57F9E59}.Release|x64.Build.0 = Release|Any CPU
		{A2A53E40-976B-4ADD-B81F-F3F0B57F9E59}.Release|x86.ActiveCfg = Release|Any CPU
		{A2A53E40-976B-4ADD-B81F-F3F0B57F9E59}.Release|x86.Build.0 = Release|Any CPU
		{B8FBC2EF-58F8-49EF-AD9A-0DB9328E69AE}.Debug|Any CPU.ActiveCfg = Debug|Any CPU
		{B8FBC2EF-58F8-49EF-AD9A-0DB9328E69AE}.Debug|Any CPU.Build.0 = Debug|Any CPU
		{B8FBC2EF-58F8-49EF-AD9A-0DB9328E69AE}.Debug|x64.ActiveCfg = Debug|Any CPU
		{B8FBC2EF-58F8-49EF-AD9A-0DB9328E69AE}.Debug|x64.Build.0 = Debug|Any CPU
		{B8FBC2EF-58F8-49EF-AD9A-0DB9328E69AE}.Debug|x86.ActiveCfg = Debug|Any CPU
		{B8FBC2EF-58F8-49EF-AD9A-0DB9328E69AE}.Debug|x86.Build.0 = Debug|Any CPU
		{B8FBC2EF-58F8-49EF-AD9A-0DB9328E69AE}.Release|Any CPU.ActiveCfg = Release|Any CPU
		{B8FBC2EF-58F8-49EF-AD9A-0DB9328E69AE}.Release|Any CPU.Build.0 = Release|Any CPU
		{B8FBC2EF-58F8-49EF-AD9A-0DB9328E69AE}.Release|x64.ActiveCfg = Release|Any CPU
		{B8FBC2EF-58F8-49EF-AD9A-0DB9328E69AE}.Release|x64.Build.0 = Release|Any CPU
		{B8FBC2EF-58F8-49EF-AD9A-0DB9328E69AE}.Release|x86.ActiveCfg = Release|Any CPU
		{B8FBC2EF-58F8-49EF-AD9A-0DB9328E69AE}.Release|x86.Build.0 = Release|Any CPU
	EndGlobalSection
	GlobalSection(SolutionProperties) = preSolution
		HideSolutionNode = FALSE
	EndGlobalSection
	GlobalSection(NestedProjects) = preSolution
		{4BEFE04D-2685-469E-9655-3FCA49CA7B5F} = {7CF0E3FA-F73A-4B08-BED8-E958401112C1}
		{430C2847-2B79-4089-A50E-13DFB6806E2E} = {5D20AA90-6969-D8BD-9DCD-8634F4692FDA}
		{23F2719F-4A2D-42E9-9E65-A06764B8A6DE} = {5D20AA90-6969-D8BD-9DCD-8634F4692FDA}
	EndGlobalSection
	GlobalSection(ExtensibilityGlobals) = postSolution
		SolutionGuid = {ADE4D0E4-F9FD-41BA-92BE-60E5E288C642}
	EndGlobalSection
EndGlobal
